<?xml version="1.0" encoding="utf-8"?>
<Project ToolsVersion="4.0" xmlns="http://schemas.microsoft.com/developer/msbuild/2003">
  <ItemGroup>
    <ClCompile Include="src\ofApp.cpp">
      <Filter>src</Filter>
    </ClCompile>
    <ClCompile Include="src\main.cpp">
      <Filter>src</Filter>
    </ClCompile>
    <ClCompile Include="..\src\ofxClipboard.cpp">
      <Filter>addons\ofxClipboard\src</Filter>
    </ClCompile>
  </ItemGroup>
  <ItemGroup>
    <Filter Include="src">
      <UniqueIdentifier>{d8376475-7454-4a24-b08a-aac121d3ad6f}</UniqueIdentifier>
    </Filter>
    <Filter Include="addons">
      <UniqueIdentifier>{cbd06618-bbeb-4342-a8c9-423e383f1461}</UniqueIdentifier>
    </Filter>
    <Filter Include="addons\ofxClipboard">
      <UniqueIdentifier>{017bac4c-8b2b-4491-a55e-642784cb75b8}</UniqueIdentifier>
    </Filter>
    <Filter Include="addons\ofxClipboard\src">
      <UniqueIdentifier>{f159e45c-b6da-4f6f-95da-a81bb65aea10}</UniqueIdentifier>
    </Filter>
  </ItemGroup>
  <ItemGroup>
    <ClInclude Include="src\ofApp.h">
      <Filter>src</Filter>
    </ClInclude>
    <ClInclude Include="..\src\ofxClipboard.h">
      <Filter>addons\ofxClipboard\src</Filter>
    </ClInclude>
  </ItemGroup>
  <ItemGroup>
    <ResourceCompile Include="icon.rc" />
  </ItemGroup>
</Project>